
Microsoft Visual Studio Solution File, Format Version 12.00
# Visual Studio 2012
Project("{8BC9CEB8-8B4A-11D0-8D11-00A0C91BC942}") = "Final", "Final\Final.vcxproj", "{AA764B57-2A22-40C0-8845-9333819F3D2C}"
EndProject
Global
	GlobalSection(SolutionConfigurationPlatforms) = preSolution
		Debug|Win32 = Debug|Win32
		Release|Win32 = Release|Win32
	EndGlobalSection
	GlobalSection(ProjectConfigurationPlatforms) = postSolution
		{AA764B57-2A22-40C0-8845-9333819F3D2C}.Debug|Win32.ActiveCfg = Debug|Win32
		{AA764B57-2A22-40C0-8845-9333819F3D2C}.Debug|Win32.Build.0 = Debug|Win32
		{AA764B57-2A22-40C0-8845-9333819F3D2C}.Release|Win32.ActiveCfg = Release|Win32
		{AA764B57-2A22-40C0-8845-9333819F3D2C}.Release|Win32.Build.0 = Release|Win32
	EndGlobalSection
	GlobalSection(SolutionProperties) = preSolution
		HideSolutionNode = FALSE
	EndGlobalSection
EndGlobal
